
Microsoft Visual Studio Solution File, Format Version 12.00
# Visual Studio Version 16
VisualStudioVersion = 16.0.31205.134
MinimumVisualStudioVersion = 10.0.40219.1
Project("{FAE04EC0-301F-11D3-BF4B-00C04F79EFBC}") = "Amiibopedia.UWP", "Amiibopedia\Amiibopedia.UWP\Amiibopedia.UWP.csproj", "{51F5F573-6869-46D4-92C5-5AC934E860F6}"
EndProject
Project("{FAE04EC0-301F-11D3-BF4B-00C04F79EFBC}") = "Amiibopedia.Android", "Amiibopedia\Amiibopedia.Android\Amiibopedia.Android.csproj", "{FC406922-F6DB-414B-A3A2-00FB38125160}"
EndProject
Project("{FAE04EC0-301F-11D3-BF4B-00C04F79EFBC}") = "Amiibopedia.iOS", "Amiibopedia\Amiibopedia.iOS\Amiibopedia.iOS.csproj", "{041645BC-54D9-4EA2-94AF-4A946048C80A}"
EndProject
Project("{FAE04EC0-301F-11D3-BF4B-00C04F79EFBC}") = "Amiibopedia", "Amiibopedia\Amiibopedia\Amiibopedia.csproj", "{E216FD6D-C823-4164-A7FE-21AB0E15A21B}"
EndProject
Global
	GlobalSection(SolutionConfigurationPlatforms) = preSolution
		Debug|Any CPU = Debug|Any CPU
		Debug|ARM = Debug|ARM
		Debug|iPhone = Debug|iPhone
		Debug|iPhoneSimulator = Debug|iPhoneSimulator
		Debug|x64 = Debug|x64
		Debug|x86 = Debug|x86
		Release|Any CPU = Release|Any CPU
		Release|ARM = Release|ARM
		Release|iPhone = Release|iPhone
		Release|iPhoneSimulator = Release|iPhoneSimulator
		Release|x64 = Release|x64
		Release|x86 = Release|x86
	EndGlobalSection
	GlobalSection(ProjectConfigurationPlatforms) = postSolution
		{51F5F573-6869-46D4-92C5-5AC934E860F6}.Debug|Any CPU.ActiveCfg = Debug|x86
		{51F5F573-6869-46D4-92C5-5AC934E860F6}.Debug|Any CPU.Build.0 = Debug|x86
		{51F5F573-6869-46D4-92C5-5AC934E860F6}.Debug|Any CPU.Deploy.0 = Debug|x86
		{51F5F573-6869-46D4-92C5-5AC934E860F6}.Debug|ARM.ActiveCfg = Debug|ARM
		{51F5F573-6869-46D4-92C5-5AC934E860F6}.Debug|ARM.Build.0 = Debug|ARM
		{51F5F573-6869-46D4-92C5-5AC934E860F6}.Debug|ARM.Deploy.0 = Debug|ARM
		{51F5F573-6869-46D4-92C5-5AC934E860F6}.Debug|iPhone.ActiveCfg = Debug|x86
		{51F5F573-6869-46D4-92C5-5AC934E860F6}.Debug|iPhone.Build.0 = Debug|x86
		{51F5F573-6869-46D4-92C5-5AC934E860F6}.Debug|iPhone.Deploy.0 = Debug|x86
		{51F5F573-6869-46D4-92C5-5AC934E860F6}.Debug|iPhoneSimulator.ActiveCfg = Debug|x86
		{51F5F573-6869-46D4-92C5-5AC934E860F6}.Debug|iPhoneSimulator.Build.0 = Debug|x86
		{51F5F573-6869-46D4-92C5-5AC934E860F6}.Debug|iPhoneSimulator.Deploy.0 = Debug|x86
		{51F5F573-6869-46D4-92C5-5AC934E860F6}.Debug|x64.ActiveCfg = Debug|x64
		{51F5F573-6869-46D4-92C5-5AC934E860F6}.Debug|x64.Build.0 = Debug|x64
		{51F5F573-6869-46D4-92C5-5AC934E860F6}.Debug|x64.Deploy.0 = Debug|x64
		{51F5F573-6869-46D4-92C5-5AC934E860F6}.Debug|x86.ActiveCfg = Debug|x86
		{51F5F573-6869-46D4-92C5-5AC934E860F6}.Debug|x86.Build.0 = Debug|x86
		{51F5F573-6869-46D4-92C5-5AC934E860F6}.Debug|x86.Deploy.0 = Debug|x86
		{51F5F573-6869-46D4-92C5-5AC934E860F6}.Release|Any CPU.ActiveCfg = Release|x86
		{51F5F573-6869-46D4-92C5-5AC934E860F6}.Release|Any CPU.Build.0 = Release|x86
		{51F5F573-6869-46D4-92C5-5AC934E860F6}.Release|Any CPU.Deploy.0 = Release|x86
		{51F5F573-6869-46D4-92C5-5AC934E860F6}.Release|ARM.ActiveCfg = Release|ARM
		{51F5F573-6869-46D4-92C5-5AC934E860F6}.Release|ARM.Build.0 = Release|ARM
		{51F5F573-6869-46D4-92C5-5AC934E860F6}.Release|ARM.Deploy.0 = Release|ARM
		{51F5F573-6869-46D4-92C5-5AC934E860F6}.Release|iPhone.ActiveCfg = Release|x86
		{51F5F573-6869-46D4-92C5-5AC934E860F6}.Release|iPhone.Build.0 = Release|x86
		{51F5F573-6869-46D4-92C5-5AC934E860F6}.Release|iPhone.Deploy.0 = Release|x86
		{51F5F573-6869-46D4-92C5-5AC934E860F6}.Release|iPhoneSimulator.ActiveCfg = Release|x86
		{51F5F573-6869-46D4-92C5-5AC934E860F6}.Release|iPhoneSimulator.Build.0 = Release|x86
		{51F5F573-6869-46D4-92C5-5AC934E860F6}.Release|iPhoneSimulator.Deploy.0 = Release|x86
		{51F5F573-6869-46D4-92C5-5AC934E860F6}.Release|x64.ActiveCfg = Release|x64
		{51F5F573-6869-46D4-92C5-5AC934E860F6}.Release|x64.Build.0 = Release|x64
		{51F5F573-6869-46D4-92C5-5AC934E860F6}.Release|x64.Deploy.0 = Release|x64
		{51F5F573-6869-46D4-92C5-5AC934E860F6}.Release|x86.ActiveCfg = Release|x86
		{51F5F573-6869-46D4-92C5-5AC934E860F6}.Release|x86.Build.0 = Release|x86
		{51F5F573-6869-46D4-92C5-5AC934E860F6}.Release|x86.Deploy.0 = Release|x86
		{FC406922-F6DB-414B-A3A2-00FB38125160}.Debug|Any CPU.ActiveCfg = Debug|Any CPU
		{FC406922-F6DB-414B-A3A2-00FB38125160}.Debug|Any CPU.Build.0 = Debug|Any CPU
		{FC406922-F6DB-414B-A3A2-00FB38125160}.Debug|Any CPU.Deploy.0 = Debug|Any CPU
		{FC406922-F6DB-414B-A3A2-00FB38125160}.Debug|ARM.ActiveCfg = Debug|Any CPU
		{FC406922-F6DB-414B-A3A2-00FB38125160}.Debug|ARM.Build.0 = Debug|Any CPU
		{FC406922-F6DB-414B-A3A2-00FB38125160}.Debug|ARM.Deploy.0 = Debug|Any CPU
		{FC406922-F6DB-414B-A3A2-00FB38125160}.Debug|iPhone.ActiveCfg = Debug|Any CPU
		{FC406922-F6DB-414B-A3A2-00FB38125160}.Debug|iPhone.Build.0 = Debug|Any CPU
		{FC406922-F6DB-414B-A3A2-00FB38125160}.Debug|iPhone.Deploy.0 = Debug|Any CPU
		{FC406922-F6DB-414B-A3A2-00FB38125160}.Debug|iPhoneSimulator.ActiveCfg = Debug|Any CPU
		{FC406922-F6DB-414B-A3A2-00FB38125160}.Debug|iPhoneSimulator.Build.0 = Debug|Any CPU
		{FC406922-F6DB-414B-A3A2-00FB38125160}.Debug|iPhoneSimulator.Deploy.0 = Debug|Any CPU
		{FC406922-F6DB-414B-A3A2-00FB38125160}.Debug|x64.ActiveCfg = Debug|Any CPU
		{FC406922-F6DB-414B-A3A2-00FB38125160}.Debug|x64.Build.0 = Debug|Any CPU
		{FC406922-F6DB-414B-A3A2-00FB38125160}.Debug|x64.Deploy.0 = Debug|Any CPU
		{FC406922-F6DB-414B-A3A2-00FB38125160}.Debug|x86.ActiveCfg = Debug|Any CPU
		{FC406922-F6DB-414B-A3A2-00FB38125160}.Debug|x86.Build.0 = Debug|Any CPU
		{FC406922-F6DB-414B-A3A2-00FB38125160}.Debug|x86.Deploy.0 = Debug|Any CPU
		{FC406922-F6DB-414B-A3A2-00FB38125160}.Release|Any CPU.ActiveCfg = Release|Any CPU
		{FC406922-F6DB-414B-A3A2-00FB38125160}.Release|Any CPU.Build.0 = Release|Any CPU
		{FC406922-F6DB-414B-A3A2-00FB38125160}.Release|Any CPU.Deploy.0 = Release|Any CPU
		{FC406922-F6DB-414B-A3A2-00FB38125160}.Release|ARM.ActiveCfg = Release|Any CPU
		{FC406922-F6DB-414B-A3A2-00FB38125160}.Release|ARM.Build.0 = Release|Any CPU
		{FC406922-F6DB-414B-A3A2-00FB38125160}.Release|ARM.Deploy.0 = Release|Any CPU
		{FC406922-F6DB-414B-A3A2-00FB38125160}.Release|iPhone.ActiveCfg = Release|Any CPU
		{FC406922-F6DB-414B-A3A2-00FB38125160}.Release|iPhone.Build.0 = Release|Any CPU
		{FC406922-F6DB-414B-A3A2-00FB38125160}.Release|iPhone.Deploy.0 = Release|Any CPU
		{FC406922-F6DB-414B-A3A2-00FB38125160}.Release|iPhoneSimulator.ActiveCfg = Release|Any CPU
		{FC406922-F6DB-414B-A3A2-00FB38125160}.Release|iPhoneSimulator.Build.0 = Release|Any CPU
		{FC406922-F6DB-414B-A3A2-00FB38125160}.Release|iPhoneSimulator.Deploy.0 = Release|Any CPU
		{FC406922-F6DB-414B-A3A2-00FB38125160}.Release|x64.ActiveCfg = Release|Any CPU
		{FC406922-F6DB-414B-A3A2-00FB38125160}.Release|x64.Build.0 = Release|Any CPU
		{FC406922-F6DB-414B-A3A2-00FB38125160}.Release|x64.Deploy.0 = Release|Any CPU
		{FC406922-F6DB-414B-A3A2-00FB38125160}.Release|x86.ActiveCfg = Release|Any CPU
		{FC406922-F6DB-414B-A3A2-00FB38125160}.Release|x86.Build.0 = Release|Any CPU
		{FC406922-F6DB-414B-A3A2-00FB38125160}.Release|x86.Deploy.0 = Release|Any CPU
		{041645BC-54D9-4EA2-94AF-4A946048C80A}.Debug|Any CPU.ActiveCfg = Debug|iPhoneSimulator
		{041645BC-54D9-4EA2-94AF-4A946048C80A}.Debug|Any CPU.Build.0 = Debug|iPhoneSimulator
		{041645BC-54D9-4EA2-94AF-4A946048C80A}.Debug|Any CPU.Deploy.0 = Debug|iPhoneSimulator
		{041645BC-54D9-4EA2-94AF-4A946048C80A}.Debug|ARM.ActiveCfg = Debug|iPhone
		{041645BC-54D9-4EA2-94AF-4A946048C80A}.Debug|ARM.Build.0 = Debug|iPhone
		{041645BC-54D9-4EA2-94AF-4A946048C80A}.Debug|ARM.Deploy.0 = Debug|iPhone
		{041645BC-54D9-4EA2-94AF-4A946048C80A}.Debug|iPhone.ActiveCfg = Debug|iPhone
		{041645BC-54D9-4EA2-94AF-4A946048C80A}.Debug|iPhone.Build.0 = Debug|iPhone
		{041645BC-54D9-4EA2-94AF-4A946048C80A}.Debug|iPhone.Deploy.0 = Debug|iPhone
		{041645BC-54D9-4EA2-94AF-4A946048C80A}.Debug|iPhoneSimulator.ActiveCfg = Debug|iPhoneSimulator
		{041645BC-54D9-4EA2-94AF-4A946048C80A}.Debug|iPhoneSimulator.Build.0 = Debug|iPhoneSimulator
		{041645BC-54D9-4EA2-94AF-4A946048C80A}.Debug|iPhoneSimulator.Deploy.0 = Debug|iPhoneSimulator
		{041645BC-54D9-4EA2-94AF-4A946048C80A}.Debug|x64.ActiveCfg = Debug|iPhoneSimulator
		{041645BC-54D9-4EA2-94AF-4A946048C80A}.Debug|x64.Build.0 = Debug|iPhoneSimulator
		{041645BC-54D9-4EA2-94AF-4A946048C80A}.Debug|x64.Deploy.0 = Debug|iPhoneSimulator
		{041645BC-54D9-4EA2-94AF-4A946048C80A}.Debug|x86.ActiveCfg = Debug|iPhoneSimulator
		{041645BC-54D9-4EA2-94AF-4A946048C80A}.Debug|x86.Build.0 = Debug|iPhoneSimulator
		{041645BC-54D9-4EA2-94AF-4A946048C80A}.Debug|x86.Deploy.0 = Debug|iPhoneSimulator
		{041645BC-54D9-4EA2-94AF-4A946048C80A}.Release|Any CPU.ActiveCfg = Release|iPhoneSimulator
		{041645BC-54D9-4EA2-94AF-4A946048C80A}.Release|Any CPU.Build.0 = Release|iPhoneSimulator
		{041645BC-54D9-4EA2-94AF-4A946048C80A}.Release|Any CPU.Deploy.0 = Release|iPhoneSimulator
		{041645BC-54D9-4EA2-94AF-4A946048C80A}.Release|ARM.ActiveCfg = Release|iPhoneSimulator
		{041645BC-54D9-4EA2-94AF-4A946048C80A}.Release|ARM.Build.0 = Release|iPhoneSimulator
		{041645BC-54D9-4EA2-94AF-4A946048C80A}.Release|ARM.Deploy.0 = Release|iPhoneSimulator
		{041645BC-54D9-4EA2-94AF-4A946048C80A}.Release|iPhone.ActiveCfg = Release|iPhone
		{041645BC-54D9-4EA2-94AF-4A946048C80A}.Release|iPhone.Build.0 = Release|iPhone
		{041645BC-54D9-4EA2-94AF-4A946048C80A}.Release|iPhone.Deploy.0 = Release|iPhone
		{041645BC-54D9-4EA2-94AF-4A946048C80A}.Release|iPhoneSimulator.ActiveCfg = Release|iPhoneSimulator
		{041645BC-54D9-4EA2-94AF-4A946048C80A}.Release|iPhoneSimulator.Build.0 = Release|iPhoneSimulator
		{041645BC-54D9-4EA2-94AF-4A946048C80A}.Release|iPhoneSimulator.Deploy.0 = Release|iPhoneSimulator
		{041645BC-54D9-4EA2-94AF-4A946048C80A}.Release|x64.ActiveCfg = Release|iPhoneSimulator
		{041645BC-54D9-4EA2-94AF-4A946048C80A}.Release|x64.Build.0 = Release|iPhoneSimulator
		{041645BC-54D9-4EA2-94AF-4A946048C80A}.Release|x64.Deploy.0 = Release|iPhoneSimulator
		{041645BC-54D9-4EA2-94AF-4A946048C80A}.Release|x86.ActiveCfg = Release|iPhoneSimulator
		{041645BC-54D9-4EA2-94AF-4A946048C80A}.Release|x86.Build.0 = Release|iPhoneSimulator
		{041645BC-54D9-4EA2-94AF-4A946048C80A}.Release|x86.Deploy.0 = Release|iPhoneSimulator
		{E216FD6D-C823-4164-A7FE-21AB0E15A21B}.Debug|Any CPU.ActiveCfg = Debug|Any CPU
		{E216FD6D-C823-4164-A7FE-21AB0E15A21B}.Debug|Any CPU.Build.0 = Debug|Any CPU
		{E216FD6D-C823-4164-A7FE-21AB0E15A21B}.Debug|Any CPU.Deploy.0 = Debug|Any CPU
		{E216FD6D-C823-4164-A7FE-21AB0E15A21B}.Debug|ARM.ActiveCfg = Debug|Any CPU
		{E216FD6D-C823-4164-A7FE-21AB0E15A21B}.Debug|ARM.Build.0 = Debug|Any CPU
		{E216FD6D-C823-4164-A7FE-21AB0E15A21B}.Debug|ARM.Deploy.0 = Debug|Any CPU
		{E216FD6D-C823-4164-A7FE-21AB0E15A21B}.Debug|iPhone.ActiveCfg = Debug|Any CPU
		{E216FD6D-C823-4164-A7FE-21AB0E15A21B}.Debug|iPhone.Build.0 = Debug|Any CPU
		{E216FD6D-C823-4164-A7FE-21AB0E15A21B}.Debug|iPhone.Deploy.0 = Debug|Any CPU
		{E216FD6D-C823-4164-A7FE-21AB0E15A21B}.Debug|iPhoneSimulator.ActiveCfg = Debug|Any CPU
		{E216FD6D-C823-4164-A7FE-21AB0E15A21B}.Debug|iPhoneSimulator.Build.0 = Debug|Any CPU
		{E216FD6D-C823-4164-A7FE-21AB0E15A21B}.Debug|iPhoneSimulator.Deploy.0 = Debug|Any CPU
		{E216FD6D-C823-4164-A7FE-21AB0E15A21B}.Debug|x64.ActiveCfg = Debug|Any CPU
		{E216FD6D-C823-4164-A7FE-21AB0E15A21B}.Debug|x64.Build.0 = Debug|Any CPU
		{E216FD6D-C823-4164-A7FE-21AB0E15A21B}.Debug|x64.Deploy.0 = Debug|Any CPU
		{E216FD6D-C823-4164-A7FE-21AB0E15A21B}.Debug|x86.ActiveCfg = Debug|Any CPU
		{E216FD6D-C823-4164-A7FE-21AB0E15A21B}.Debug|x86.Build.0 = Debug|Any CPU
		{E216FD6D-C823-4164-A7FE-21AB0E15A21B}.Debug|x86.Deploy.0 = Debug|Any CPU
		{E216FD6D-C823-4164-A7FE-21AB0E15A21B}.Release|Any CPU.ActiveCfg = Release|Any CPU
		{E216FD6D-C823-4164-A7FE-21AB0E15A21B}.Release|Any CPU.Build.0 = Release|Any CPU
		{E216FD6D-C823-4164-A7FE-21AB0E15A21B}.Release|Any CPU.Deploy.0 = Release|Any CPU
		{E216FD6D-C823-4164-A7FE-21AB0E15A21B}.Release|ARM.ActiveCfg = Release|Any CPU
		{E216FD6D-C823-4164-A7FE-21AB0E15A21B}.Release|ARM.Build.0 = Release|Any CPU
		{E216FD6D-C823-4164-A7FE-21AB0E15A21B}.Release|ARM.Deploy.0 = Release|Any CPU
		{E216FD6D-C823-4164-A7FE-21AB0E15A21B}.Release|iPhone.ActiveCfg = Release|Any CPU
		{E216FD6D-C823-4164-A7FE-21AB0E15A21B}.Release|iPhone.Build.0 = Release|Any CPU
		{E216FD6D-C823-4164-A7FE-21AB0E15A21B}.Release|iPhone.Deploy.0 = Release|Any CPU
		{E216FD6D-C823-4164-A7FE-21AB0E15A21B}.Release|iPhoneSimulator.ActiveCfg = Release|Any CPU
		{E216FD6D-C823-4164-A7FE-21AB0E15A21B}.Release|iPhoneSimulator.Build.0 = Release|Any CPU
		{E216FD6D-C823-4164-A7FE-21AB0E15A21B}.Release|iPhoneSimulator.Deploy.0 = Release|Any CPU
		{E216FD6D-C823-4164-A7FE-21AB0E15A21B}.Release|x64.ActiveCfg = Release|Any CPU
		{E216FD6D-C823-4164-A7FE-21AB0E15A21B}.Release|x64.Build.0 = Release|Any CPU
		{E216FD6D-C823-4164-A7FE-21AB0E15A21B}.Release|x64.Deploy.0 = Release|Any CPU
		{E216FD6D-C823-4164-A7FE-21AB0E15A21B}.Release|x86.ActiveCfg = Release|Any CPU
		{E216FD6D-C823-4164-A7FE-21AB0E15A21B}.Release|x86.Build.0 = Release|Any CPU
		{E216FD6D-C823-4164-A7FE-21AB0E15A21B}.Release|x86.Deploy.0 = Release|Any CPU
	EndGlobalSection
	GlobalSection(SolutionProperties) = preSolution
		HideSolutionNode = FALSE
	EndGlobalSection
	GlobalSection(ExtensibilityGlobals) = postSolution
		SolutionGuid = {D933629B-59DF-4C10-9E4A-3E239482E34B}
	EndGlobalSection
EndGlobal
